
Microsoft Visual Studio Solution File, Format Version 12.00
# Visual Studio Version 17
VisualStudioVersion = 17.0.32112.339
MinimumVisualStudioVersion = 10.0.40219.1
Project("{FAE04EC0-301F-11D3-BF4B-00C04F79EFBC}") = "Session2", "Session2\Session2.csproj", "{BB85A4CD-D04A-4419-9023-81D648B893D8}"
EndProject
Global
	GlobalSection(SolutionConfigurationPlatforms) = preSolution
		Debug|Any CPU = Debug|Any CPU
		Release|Any CPU = Release|Any CPU
	EndGlobalSection
	GlobalSection(ProjectConfigurationPlatforms) = postSolution
		{BB85A4CD-D04A-4419-9023-81D648B893D8}.Debug|Any CPU.ActiveCfg = Debug|Any CPU
		{BB85A4CD-D04A-4419-9023-81D648B893D8}.Debug|Any CPU.Build.0 = Debug|Any CPU
		{BB85A4CD-D04A-4419-9023-81D648B893D8}.Release|Any CPU.ActiveCfg = Release|Any CPU
		{BB85A4CD-D04A-4419-9023-81D648B893D8}.Release|Any CPU.Build.0 = Release|Any CPU
	EndGlobalSection
	GlobalSection(SolutionProperties) = preSolution
		HideSolutionNode = FALSE
	EndGlobalSection
	GlobalSection(ExtensibilityGlobals) = postSolution
		SolutionGuid = {C84D8AB5-084D-4201-86D2-8A63AF349726}
	EndGlobalSection
EndGlobal
